
Microsoft Visual Studio Solution File, Format Version 12.00
# Visual Studio Version 16
VisualStudioVersion = 16.0.30804.86
MinimumVisualStudioVersion = 10.0.40219.1
Project("{FAE04EC0-301F-11D3-BF4B-00C04F79EFBC}") = "PrijzenMetForeach", "PrijzenMetForeach\PrijzenMetForeach.csproj", "{D381FB86-A149-4726-B10A-BCAB8CBF25FE}"
EndProject
Project("{FAE04EC0-301F-11D3-BF4B-00C04F79EFBC}") = "Speelkaarten", "Speelkaarten\Speelkaarten.csproj", "{44E156BA-7681-4849-85AC-60D43E1E3EF7}"
EndProject
Project("{FAE04EC0-301F-11D3-BF4B-00C04F79EFBC}") = "Student Organizer", "Student Organizer\Student Organizer.csproj", "{E02B3E44-C076-4EA1-8D85-4836B8D6986B}"
EndProject
Project("{FAE04EC0-301F-11D3-BF4B-00C04F79EFBC}") = "Bookmark Manager", "Bookmark Manager\Bookmark Manager.csproj", "{0522FBF9-7B38-43A7-8366-3EDFF26C8FA3}"
EndProject
Global
	GlobalSection(SolutionConfigurationPlatforms) = preSolution
		Debug|Any CPU = Debug|Any CPU
		Release|Any CPU = Release|Any CPU
	EndGlobalSection
	GlobalSection(ProjectConfigurationPlatforms) = postSolution
		{D381FB86-A149-4726-B10A-BCAB8CBF25FE}.Debug|Any CPU.ActiveCfg = Debug|Any CPU
		{D381FB86-A149-4726-B10A-BCAB8CBF25FE}.Debug|Any CPU.Build.0 = Debug|Any CPU
		{D381FB86-A149-4726-B10A-BCAB8CBF25FE}.Release|Any CPU.ActiveCfg = Release|Any CPU
		{D381FB86-A149-4726-B10A-BCAB8CBF25FE}.Release|Any CPU.Build.0 = Release|Any CPU
		{44E156BA-7681-4849-85AC-60D43E1E3EF7}.Debug|Any CPU.ActiveCfg = Debug|Any CPU
		{44E156BA-7681-4849-85AC-60D43E1E3EF7}.Debug|Any CPU.Build.0 = Debug|Any CPU
		{44E156BA-7681-4849-85AC-60D43E1E3EF7}.Release|Any CPU.ActiveCfg = Release|Any CPU
		{44E156BA-7681-4849-85AC-60D43E1E3EF7}.Release|Any CPU.Build.0 = Release|Any CPU
		{E02B3E44-C076-4EA1-8D85-4836B8D6986B}.Debug|Any CPU.ActiveCfg = Debug|Any CPU
		{E02B3E44-C076-4EA1-8D85-4836B8D6986B}.Debug|Any CPU.Build.0 = Debug|Any CPU
		{E02B3E44-C076-4EA1-8D85-4836B8D6986B}.Release|Any CPU.ActiveCfg = Release|Any CPU
		{E02B3E44-C076-4EA1-8D85-4836B8D6986B}.Release|Any CPU.Build.0 = Release|Any CPU
		{0522FBF9-7B38-43A7-8366-3EDFF26C8FA3}.Debug|Any CPU.ActiveCfg = Debug|Any CPU
		{0522FBF9-7B38-43A7-8366-3EDFF26C8FA3}.Debug|Any CPU.Build.0 = Debug|Any CPU
		{0522FBF9-7B38-43A7-8366-3EDFF26C8FA3}.Release|Any CPU.ActiveCfg = Release|Any CPU
		{0522FBF9-7B38-43A7-8366-3EDFF26C8FA3}.Release|Any CPU.Build.0 = Release|Any CPU
	EndGlobalSection
	GlobalSection(SolutionProperties) = preSolution
		HideSolutionNode = FALSE
	EndGlobalSection
	GlobalSection(ExtensibilityGlobals) = postSolution
		SolutionGuid = {D065F3A4-D8B5-4575-A6AA-37AC9D0BCBA3}
	EndGlobalSection
EndGlobal
